
Microsoft Visual Studio Solution File, Format Version 12.00
# Visual Studio 14
VisualStudioVersion = 14.0.25420.1
MinimumVisualStudioVersion = 10.0.40219.1
Project("{FAE04EC0-301F-11D3-BF4B-00C04F79EFBC}") = "Practica11_AdivinaUnNumero", "Practica11_AdivinaUnNumero\Practica11_AdivinaUnNumero.csproj", "{0DE972E0-98C0-4521-9AE9-AA2435C735E3}"
EndProject
Global
	GlobalSection(SolutionConfigurationPlatforms) = preSolution
		Debug|Any CPU = Debug|Any CPU
		Release|Any CPU = Release|Any CPU
	EndGlobalSection
	GlobalSection(ProjectConfigurationPlatforms) = postSolution
		{0DE972E0-98C0-4521-9AE9-AA2435C735E3}.Debug|Any CPU.ActiveCfg = Debug|Any CPU
		{0DE972E0-98C0-4521-9AE9-AA2435C735E3}.Debug|Any CPU.Build.0 = Debug|Any CPU
		{0DE972E0-98C0-4521-9AE9-AA2435C735E3}.Release|Any CPU.ActiveCfg = Release|Any CPU
		{0DE972E0-98C0-4521-9AE9-AA2435C735E3}.Release|Any CPU.Build.0 = Release|Any CPU
	EndGlobalSection
	GlobalSection(SolutionProperties) = preSolution
		HideSolutionNode = FALSE
	EndGlobalSection
EndGlobal
